{
  "name": "lumigo-http-test",
  "version": "1.0.0",
  "lockfileVersion": 3,
  "requires": true,
  "packages": {
    "": {
      "name": "lumigo-http-test",
      "version": "1.0.0",
      "license": "ISC",
      "dependencies": {
        "@lumigo/opentelemetry": "file:../../../../distro.tgz"
      }
    },
    "node_modules/@lumigo/node-core": {
      "version": "1.13.1",
      "resolved": "https://registry.npmjs.org/@lumigo/node-core/-/node-core-1.13.1.tgz",
      "integrity": "sha512-mg/K2jyhwFMNYndL8Yi6Aqm+CaCOaTX9Ik2hrG5eySiICV3xFZmroe3cH2w3A0hVt/zd8zl7aQb2qjJcgQgLbQ==",
      "dependencies": {
        "shimmer": "^1.2.1",
        "utf8": "^3.0.0"
      }
    },
    "node_modules/@lumigo/opentelemetry": {
      "version": "1.19.1",
      "resolved": "file:../../../../distro.tgz",
      "integrity": "sha512-3lHIiG0IBcOUuvSlIjFj+WCi7YZH5MoSxxbJKB/37tDnOLpJncL9vQm7qcxgF8SktMSeZwO4vE/9hSeksmDbQQ==",
      "dependencies": {
        "@lumigo/node-core": "^1.13.0",
        "@opentelemetry/api": "1.4.0",
        "@opentelemetry/core": "1.9.0",
        "@opentelemetry/exporter-trace-otlp-http": "0.38.0",
        "@opentelemetry/instrumentation": "0.38.0",
        "@opentelemetry/instrumentation-express": "0.32.2",
        "@opentelemetry/instrumentation-http": "0.38.0",
        "@opentelemetry/instrumentation-mongodb": "0.34.2",
        "@opentelemetry/resource-detector-aws": "1.2.1",
        "@opentelemetry/resources": "1.9.0",
        "@opentelemetry/sdk-trace-base": "1.9.0",
        "@opentelemetry/sdk-trace-node": "1.9.0",
        "@opentelemetry/semantic-conventions": "1.9.0",
        "opentelemetry-instrumentation-express": "0.35.0",
        "shimmer": "^1.2.1",
        "wait-for-expect": "^3.0.2"
      }
    },
    "node_modules/@opentelemetry/api": {
      "version": "1.4.0",
      "resolved": "https://registry.npmjs.org/@opentelemetry/api/-/api-1.4.0.tgz",
      "integrity": "sha512-IgMK9i3sFGNUqPMbjABm0G26g0QCKCUBfglhQ7rQq6WcxbKfEHRcmwsoER4hZcuYqJgkYn2OeuoJIv7Jsftp7g==",
      "engines": {
        "node": ">=8.0.0"
      }
    },
    "node_modules/@opentelemetry/context-async-hooks": {
      "version": "1.9.0",
      "resolved": "https://registry.npmjs.org/@opentelemetry/context-async-hooks/-/context-async-hooks-1.9.0.tgz",
      "integrity": "sha512-Ur+TgRmJgAEvg6VQuhkqzsWsqoOtr+QSZ8r8Yf6WrvlZpAl/sdRU+yUXWjA7r8JFS9VbBq7IEp7oMStFuJT2ow==",
      "engines": {
        "node": ">=14"
      },
      "peerDependencies": {
        "@opentelemetry/api": ">=1.0.0 <1.5.0"
      }
    },
    "node_modules/@opentelemetry/core": {
      "version": "1.9.0",
      "resolved": "https://registry.npmjs.org/@opentelemetry/core/-/core-1.9.0.tgz",
      "integrity": "sha512-Koy1ApRUp5DB5KpOqhDk0JjO9x6QeEkmcePl8qQDsXZGF4MuHUBShXibd+J2tRNckTsvgEHi1uEuUckDgN+c/A==",
      "dependencies": {
        "@opentelemetry/semantic-conventions": "1.9.0"
      },
      "engines": {
        "node": ">=14"
      },
      "peerDependencies": {
        "@opentelemetry/api": ">=1.0.0 <1.5.0"
      }
    },
    "node_modules/@opentelemetry/exporter-trace-otlp-http": {
      "version": "0.38.0",
      "resolved": "https://registry.npmjs.org/@opentelemetry/exporter-trace-otlp-http/-/exporter-trace-otlp-http-0.38.0.tgz",
      "integrity": "sha512-AWpTCyijC7kt2DbLj8FmdlRquA6/rTXZ+3U4MVl4P2YNI7KLUnx/FEhn2BMTB0+rOy7UxSAocqz2tJ/5Ss/6Ng==",
      "dependencies": {
        "@opentelemetry/core": "1.12.0",
        "@opentelemetry/otlp-exporter-base": "0.38.0",
        "@opentelemetry/otlp-transformer": "0.38.0",
        "@opentelemetry/resources": "1.12.0",
        "@opentelemetry/sdk-trace-base": "1.12.0"
      },
      "engines": {
        "node": ">=14"
      },
      "peerDependencies": {
        "@opentelemetry/api": "^1.0.0"
      }
    },
    "node_modules/@opentelemetry/exporter-trace-otlp-http/node_modules/@opentelemetry/core": {
      "version": "1.12.0",
      "resolved": "https://registry.npmjs.org/@opentelemetry/core/-/core-1.12.0.tgz",
      "integrity": "sha512-4DWYNb3dLs2mSCGl65jY3aEgbvPWSHVQV/dmDWiYeWUrMakZQFcymqZOSUNZO0uDrEJoxMu8O5tZktX6UKFwag==",
      "dependencies": {
        "@opentelemetry/semantic-conventions": "1.12.0"
      },
      "engines": {
        "node": ">=14"
      },
      "peerDependencies": {
        "@opentelemetry/api": ">=1.0.0 <1.5.0"
      }
    },
    "node_modules/@opentelemetry/exporter-trace-otlp-http/node_modules/@opentelemetry/resources": {
      "version": "1.12.0",
      "resolved": "https://registry.npmjs.org/@opentelemetry/resources/-/resources-1.12.0.tgz",
      "integrity": "sha512-gunMKXG0hJrR0LXrqh7BVbziA/+iJBL3ZbXCXO64uY+SrExkwoyJkpiq9l5ismkGF/A20mDEV7tGwh+KyPw00Q==",
      "dependencies": {
        "@opentelemetry/core": "1.12.0",
        "@opentelemetry/semantic-conventions": "1.12.0"
      },
      "engines": {
        "node": ">=14"
      },
      "peerDependencies": {
        "@opentelemetry/api": ">=1.0.0 <1.5.0"
      }
    },
    "node_modules/@opentelemetry/exporter-trace-otlp-http/node_modules/@opentelemetry/sdk-trace-base": {
      "version": "1.12.0",
      "resolved": "https://registry.npmjs.org/@opentelemetry/sdk-trace-base/-/sdk-trace-base-1.12.0.tgz",
      "integrity": "sha512-pfCOB3tNDlYVoWuz4D7Ji+Jmy9MHnATWHVpkERdCEiwUGEZ+4IvNPXUcPc37wJVmMpjGLeaWgPPrie0KIpWf1A==",
      "dependencies": {
        "@opentelemetry/core": "1.12.0",
        "@opentelemetry/resources": "1.12.0",
        "@opentelemetry/semantic-conventions": "1.12.0"
      },
      "engines": {
        "node": ">=14"
      },
      "peerDependencies": {
        "@opentelemetry/api": ">=1.0.0 <1.5.0"
      }
    },
    "node_modules/@opentelemetry/exporter-trace-otlp-http/node_modules/@opentelemetry/semantic-conventions": {
      "version": "1.12.0",
      "resolved": "https://registry.npmjs.org/@opentelemetry/semantic-conventions/-/semantic-conventions-1.12.0.tgz",
      "integrity": "sha512-hO+bdeGOlJwqowUBoZF5LyP3ORUFOP1G0GRv8N45W/cztXbT2ZEXaAzfokRS9Xc9FWmYrDj32mF6SzH6wuoIyA==",
      "engines": {
        "node": ">=14"
      }
    },
    "node_modules/@opentelemetry/instrumentation": {
      "version": "0.38.0",
      "resolved": "https://registry.npmjs.org/@opentelemetry/instrumentation/-/instrumentation-0.38.0.tgz",
      "integrity": "sha512-wr1WkIbzHGV+oz6SCme88D2c+zNG23COkCjcida8b3jIzX2lJafOpEHPDcbBF38F8ChkRSj/tVnx1wnYAXZvbA==",
      "dependencies": {
        "require-in-the-middle": "^6.0.0",
        "semver": "^7.3.2",
        "shimmer": "^1.2.1"
      },
      "engines": {
        "node": ">=14"
      },
      "peerDependencies": {
        "@opentelemetry/api": "^1.3.0"
      }
    },
    "node_modules/@opentelemetry/instrumentation-express": {
      "version": "0.32.2",
      "resolved": "https://registry.npmjs.org/@opentelemetry/instrumentation-express/-/instrumentation-express-0.32.2.tgz",
      "integrity": "sha512-mK+Xt8QWmmjjeJEQb4DfFZzCN5dWA+7za2Y5UCBKxbF1J6uUJBMDIZ1YBLW3yaEfilfDDm5CRWEwYkPMr8+aWQ==",
      "dependencies": {
        "@opentelemetry/core": "^1.8.0",
        "@opentelemetry/instrumentation": "^0.38.0",
        "@opentelemetry/semantic-conventions": "^1.0.0",
        "@types/express": "4.17.13"
      },
      "engines": {
        "node": ">=14"
      },
      "peerDependencies": {
        "@opentelemetry/api": "^1.3.0"
      }
    },
    "node_modules/@opentelemetry/instrumentation-http": {
      "version": "0.38.0",
      "resolved": "https://registry.npmjs.org/@opentelemetry/instrumentation-http/-/instrumentation-http-0.38.0.tgz",
      "integrity": "sha512-9kpRVnG6oVvt3/WYCzrHwW+s69BW4ap38NWFJLFB+Mcq1wmAcNSoBYUM7j2AfJB4w4y3A6r6mYgnusnxdmPYYg==",
      "dependencies": {
        "@opentelemetry/core": "1.12.0",
        "@opentelemetry/instrumentation": "0.38.0",
        "@opentelemetry/semantic-conventions": "1.12.0",
        "semver": "^7.3.5"
      },
      "engines": {
        "node": ">=14"
      },
      "peerDependencies": {
        "@opentelemetry/api": "^1.3.0"
      }
    },
    "node_modules/@opentelemetry/instrumentation-http/node_modules/@opentelemetry/core": {
      "version": "1.12.0",
      "resolved": "https://registry.npmjs.org/@opentelemetry/core/-/core-1.12.0.tgz",
      "integrity": "sha512-4DWYNb3dLs2mSCGl65jY3aEgbvPWSHVQV/dmDWiYeWUrMakZQFcymqZOSUNZO0uDrEJoxMu8O5tZktX6UKFwag==",
      "dependencies": {
        "@opentelemetry/semantic-conventions": "1.12.0"
      },
      "engines": {
        "node": ">=14"
      },
      "peerDependencies": {
        "@opentelemetry/api": ">=1.0.0 <1.5.0"
      }
    },
    "node_modules/@opentelemetry/instrumentation-http/node_modules/@opentelemetry/semantic-conventions": {
      "version": "1.12.0",
      "resolved": "https://registry.npmjs.org/@opentelemetry/semantic-conventions/-/semantic-conventions-1.12.0.tgz",
      "integrity": "sha512-hO+bdeGOlJwqowUBoZF5LyP3ORUFOP1G0GRv8N45W/cztXbT2ZEXaAzfokRS9Xc9FWmYrDj32mF6SzH6wuoIyA==",
      "engines": {
        "node": ">=14"
      }
    },
    "node_modules/@opentelemetry/instrumentation-mongodb": {
      "version": "0.34.2",
      "resolved": "https://registry.npmjs.org/@opentelemetry/instrumentation-mongodb/-/instrumentation-mongodb-0.34.2.tgz",
      "integrity": "sha512-7Ie0zMykMMRX4hkMOmEgD+WOTHxDJsXQi5RtWgYnEPW4Sp0Mr436XvmWgYxm4zNwrG3iFHEyRf14Y5DjbdCxKQ==",
      "dependencies": {
        "@opentelemetry/instrumentation": "^0.38.0",
        "@opentelemetry/semantic-conventions": "^1.0.0"
      },
      "engines": {
        "node": ">=14"
      },
      "peerDependencies": {
        "@opentelemetry/api": "^1.3.0"
      }
    },
    "node_modules/@opentelemetry/otlp-exporter-base": {
      "version": "0.38.0",
      "resolved": "https://registry.npmjs.org/@opentelemetry/otlp-exporter-base/-/otlp-exporter-base-0.38.0.tgz",
      "integrity": "sha512-VWQo7vUDyW/7/FT8RErAtM/29i/fllCc9xMtnK7kDuheAjJU68zrZ88bQOsLamHvOCU3KVpozjfTZVxZKQRYXw==",
      "dependencies": {
        "@opentelemetry/core": "1.12.0"
      },
      "engines": {
        "node": ">=14"
      },
      "peerDependencies": {
        "@opentelemetry/api": "^1.0.0"
      }
    },
    "node_modules/@opentelemetry/otlp-exporter-base/node_modules/@opentelemetry/core": {
      "version": "1.12.0",
      "resolved": "https://registry.npmjs.org/@opentelemetry/core/-/core-1.12.0.tgz",
      "integrity": "sha512-4DWYNb3dLs2mSCGl65jY3aEgbvPWSHVQV/dmDWiYeWUrMakZQFcymqZOSUNZO0uDrEJoxMu8O5tZktX6UKFwag==",
      "dependencies": {
        "@opentelemetry/semantic-conventions": "1.12.0"
      },
      "engines": {
        "node": ">=14"
      },
      "peerDependencies": {
        "@opentelemetry/api": ">=1.0.0 <1.5.0"
      }
    },
    "node_modules/@opentelemetry/otlp-exporter-base/node_modules/@opentelemetry/semantic-conventions": {
      "version": "1.12.0",
      "resolved": "https://registry.npmjs.org/@opentelemetry/semantic-conventions/-/semantic-conventions-1.12.0.tgz",
      "integrity": "sha512-hO+bdeGOlJwqowUBoZF5LyP3ORUFOP1G0GRv8N45W/cztXbT2ZEXaAzfokRS9Xc9FWmYrDj32mF6SzH6wuoIyA==",
      "engines": {
        "node": ">=14"
      }
    },
    "node_modules/@opentelemetry/otlp-transformer": {
      "version": "0.38.0",
      "resolved": "https://registry.npmjs.org/@opentelemetry/otlp-transformer/-/otlp-transformer-0.38.0.tgz",
      "integrity": "sha512-ykQEipby0NVSi2ih5E8J2GNJ6y9zYDPSef0nD8j33XPKxfyVG5184rUrCsh6TIk1d/GlYl8gB9Wy4TdRvwl6kA==",
      "dependencies": {
        "@opentelemetry/core": "1.12.0",
        "@opentelemetry/resources": "1.12.0",
        "@opentelemetry/sdk-metrics": "1.12.0",
        "@opentelemetry/sdk-trace-base": "1.12.0"
      },
      "engines": {
        "node": ">=14"
      },
      "peerDependencies": {
        "@opentelemetry/api": ">=1.3.0 <1.5.0"
      }
    },
    "node_modules/@opentelemetry/otlp-transformer/node_modules/@opentelemetry/core": {
      "version": "1.12.0",
      "resolved": "https://registry.npmjs.org/@opentelemetry/core/-/core-1.12.0.tgz",
      "integrity": "sha512-4DWYNb3dLs2mSCGl65jY3aEgbvPWSHVQV/dmDWiYeWUrMakZQFcymqZOSUNZO0uDrEJoxMu8O5tZktX6UKFwag==",
      "dependencies": {
        "@opentelemetry/semantic-conventions": "1.12.0"
      },
      "engines": {
        "node": ">=14"
      },
      "peerDependencies": {
        "@opentelemetry/api": ">=1.0.0 <1.5.0"
      }
    },
    "node_modules/@opentelemetry/otlp-transformer/node_modules/@opentelemetry/resources": {
      "version": "1.12.0",
      "resolved": "https://registry.npmjs.org/@opentelemetry/resources/-/resources-1.12.0.tgz",
      "integrity": "sha512-gunMKXG0hJrR0LXrqh7BVbziA/+iJBL3ZbXCXO64uY+SrExkwoyJkpiq9l5ismkGF/A20mDEV7tGwh+KyPw00Q==",
      "dependencies": {
        "@opentelemetry/core": "1.12.0",
        "@opentelemetry/semantic-conventions": "1.12.0"
      },
      "engines": {
        "node": ">=14"
      },
      "peerDependencies": {
        "@opentelemetry/api": ">=1.0.0 <1.5.0"
      }
    },
    "node_modules/@opentelemetry/otlp-transformer/node_modules/@opentelemetry/sdk-trace-base": {
      "version": "1.12.0",
      "resolved": "https://registry.npmjs.org/@opentelemetry/sdk-trace-base/-/sdk-trace-base-1.12.0.tgz",
      "integrity": "sha512-pfCOB3tNDlYVoWuz4D7Ji+Jmy9MHnATWHVpkERdCEiwUGEZ+4IvNPXUcPc37wJVmMpjGLeaWgPPrie0KIpWf1A==",
      "dependencies": {
        "@opentelemetry/core": "1.12.0",
        "@opentelemetry/resources": "1.12.0",
        "@opentelemetry/semantic-conventions": "1.12.0"
      },
      "engines": {
        "node": ">=14"
      },
      "peerDependencies": {
        "@opentelemetry/api": ">=1.0.0 <1.5.0"
      }
    },
    "node_modules/@opentelemetry/otlp-transformer/node_modules/@opentelemetry/semantic-conventions": {
      "version": "1.12.0",
      "resolved": "https://registry.npmjs.org/@opentelemetry/semantic-conventions/-/semantic-conventions-1.12.0.tgz",
      "integrity": "sha512-hO+bdeGOlJwqowUBoZF5LyP3ORUFOP1G0GRv8N45W/cztXbT2ZEXaAzfokRS9Xc9FWmYrDj32mF6SzH6wuoIyA==",
      "engines": {
        "node": ">=14"
      }
    },
    "node_modules/@opentelemetry/propagator-b3": {
      "version": "1.9.0",
      "resolved": "https://registry.npmjs.org/@opentelemetry/propagator-b3/-/propagator-b3-1.9.0.tgz",
      "integrity": "sha512-5M/NvJj7ZHZXEU8lkAFhrSrWaHmCCkFLstNbL8p16qpTn1AOZowuSjMOYRoJJBmL5PUobkZ3W8Gjov1UgldPBg==",
      "dependencies": {
        "@opentelemetry/core": "1.9.0"
      },
      "engines": {
        "node": ">=14"
      },
      "peerDependencies": {
        "@opentelemetry/api": ">=1.0.0 <1.5.0"
      }
    },
    "node_modules/@opentelemetry/propagator-jaeger": {
      "version": "1.9.0",
      "resolved": "https://registry.npmjs.org/@opentelemetry/propagator-jaeger/-/propagator-jaeger-1.9.0.tgz",
      "integrity": "sha512-oo8RyuyzEbbXdIfeEG9iA5vmTH4Kld+dZMIZICd5G5SmeNcNes3sLrparpunIGms41wIP2mWiIlcOelDCmGceg==",
      "dependencies": {
        "@opentelemetry/core": "1.9.0"
      },
      "engines": {
        "node": ">=14"
      },
      "peerDependencies": {
        "@opentelemetry/api": ">=1.0.0 <1.5.0"
      }
    },
    "node_modules/@opentelemetry/resource-detector-aws": {
      "version": "1.2.1",
      "resolved": "https://registry.npmjs.org/@opentelemetry/resource-detector-aws/-/resource-detector-aws-1.2.1.tgz",
      "integrity": "sha512-ryfMZ644kCLMs+PtoUeW8A5ewYEOm0UBnQJAuFnj2MPofA+pTrXEbfJ39kcVlH5qZKJR6xa9GNB1lRIEv2bA7w==",
      "dependencies": {
        "@opentelemetry/core": "^1.0.0",
        "@opentelemetry/resources": "^1.0.0",
        "@opentelemetry/semantic-conventions": "^1.0.0"
      },
      "engines": {
        "node": ">=14"
      },
      "peerDependencies": {
        "@opentelemetry/api": "^1.0.0"
      }
    },
    "node_modules/@opentelemetry/resources": {
      "version": "1.9.0",
      "resolved": "https://registry.npmjs.org/@opentelemetry/resources/-/resources-1.9.0.tgz",
      "integrity": "sha512-zCyien0p3XWarU6zv72c/JZ6QlG5QW/hc61Nh5TSR1K9ndnljzAGrH55x4nfyQdubfoh9QxLNh9FXH0fWK6vcg==",
      "dependencies": {
        "@opentelemetry/core": "1.9.0",
        "@opentelemetry/semantic-conventions": "1.9.0"
      },
      "engines": {
        "node": ">=14"
      },
      "peerDependencies": {
        "@opentelemetry/api": ">=1.0.0 <1.5.0"
      }
    },
    "node_modules/@opentelemetry/sdk-metrics": {
      "version": "1.12.0",
      "resolved": "https://registry.npmjs.org/@opentelemetry/sdk-metrics/-/sdk-metrics-1.12.0.tgz",
      "integrity": "sha512-zOy88Jfk88eTxqu+9ypHLs184dGydJocSWtvWMY10QKVVaxhC3SLKa0uxI/zBtD9S+x0LP65wxrTSfSoUNtCOA==",
      "dependencies": {
        "@opentelemetry/core": "1.12.0",
        "@opentelemetry/resources": "1.12.0",
        "lodash.merge": "4.6.2"
      },
      "engines": {
        "node": ">=14"
      },
      "peerDependencies": {
        "@opentelemetry/api": ">=1.3.0 <1.5.0"
      }
    },
    "node_modules/@opentelemetry/sdk-metrics/node_modules/@opentelemetry/core": {
      "version": "1.12.0",
      "resolved": "https://registry.npmjs.org/@opentelemetry/core/-/core-1.12.0.tgz",
      "integrity": "sha512-4DWYNb3dLs2mSCGl65jY3aEgbvPWSHVQV/dmDWiYeWUrMakZQFcymqZOSUNZO0uDrEJoxMu8O5tZktX6UKFwag==",
      "dependencies": {
        "@opentelemetry/semantic-conventions": "1.12.0"
      },
      "engines": {
        "node": ">=14"
      },
      "peerDependencies": {
        "@opentelemetry/api": ">=1.0.0 <1.5.0"
      }
    },
    "node_modules/@opentelemetry/sdk-metrics/node_modules/@opentelemetry/resources": {
      "version": "1.12.0",
      "resolved": "https://registry.npmjs.org/@opentelemetry/resources/-/resources-1.12.0.tgz",
      "integrity": "sha512-gunMKXG0hJrR0LXrqh7BVbziA/+iJBL3ZbXCXO64uY+SrExkwoyJkpiq9l5ismkGF/A20mDEV7tGwh+KyPw00Q==",
      "dependencies": {
        "@opentelemetry/core": "1.12.0",
        "@opentelemetry/semantic-conventions": "1.12.0"
      },
      "engines": {
        "node": ">=14"
      },
      "peerDependencies": {
        "@opentelemetry/api": ">=1.0.0 <1.5.0"
      }
    },
    "node_modules/@opentelemetry/sdk-metrics/node_modules/@opentelemetry/semantic-conventions": {
      "version": "1.12.0",
      "resolved": "https://registry.npmjs.org/@opentelemetry/semantic-conventions/-/semantic-conventions-1.12.0.tgz",
      "integrity": "sha512-hO+bdeGOlJwqowUBoZF5LyP3ORUFOP1G0GRv8N45W/cztXbT2ZEXaAzfokRS9Xc9FWmYrDj32mF6SzH6wuoIyA==",
      "engines": {
        "node": ">=14"
      }
    },
    "node_modules/@opentelemetry/sdk-trace-base": {
      "version": "1.9.0",
      "resolved": "https://registry.npmjs.org/@opentelemetry/sdk-trace-base/-/sdk-trace-base-1.9.0.tgz",
      "integrity": "sha512-glNgtJjxAIrDku8DG5Xu3nBK25rT+hkyg7yuXh8RUurp/4BcsXjMyVqpyJvb2kg+lxAX73VJBhncRKGHn9t8QQ==",
      "dependencies": {
        "@opentelemetry/core": "1.9.0",
        "@opentelemetry/resources": "1.9.0",
        "@opentelemetry/semantic-conventions": "1.9.0"
      },
      "engines": {
        "node": ">=14"
      },
      "peerDependencies": {
        "@opentelemetry/api": ">=1.0.0 <1.5.0"
      }
    },
    "node_modules/@opentelemetry/sdk-trace-node": {
      "version": "1.9.0",
      "resolved": "https://registry.npmjs.org/@opentelemetry/sdk-trace-node/-/sdk-trace-node-1.9.0.tgz",
      "integrity": "sha512-VTpjiqGQ4s8f0/szgZmVrtNSSmXFNoHwC4PNVwXyNeEqQcqyAygHvobpUG6m7qCiBFh6ZtrCuLdhhqWE04Objw==",
      "dependencies": {
        "@opentelemetry/context-async-hooks": "1.9.0",
        "@opentelemetry/core": "1.9.0",
        "@opentelemetry/propagator-b3": "1.9.0",
        "@opentelemetry/propagator-jaeger": "1.9.0",
        "@opentelemetry/sdk-trace-base": "1.9.0",
        "semver": "^7.3.5"
      },
      "engines": {
        "node": ">=14"
      },
      "peerDependencies": {
        "@opentelemetry/api": ">=1.0.0 <1.5.0"
      }
    },
    "node_modules/@opentelemetry/semantic-conventions": {
      "version": "1.9.0",
      "resolved": "https://registry.npmjs.org/@opentelemetry/semantic-conventions/-/semantic-conventions-1.9.0.tgz",
      "integrity": "sha512-po7penSfQ/Z8352lRVDpaBrd9znwA5mHGqXR7nDEiVnxkDFkBIhVf/tKeAJDIq/erFpcRowKFeCsr5eqqcSyFQ==",
      "engines": {
        "node": ">=14"
      }
    },
    "node_modules/@types/body-parser": {
      "version": "1.19.2",
      "resolved": "https://registry.npmjs.org/@types/body-parser/-/body-parser-1.19.2.tgz",
      "integrity": "sha512-ALYone6pm6QmwZoAgeyNksccT9Q4AWZQ6PvfwR37GT6r6FWUPguq6sUmNGSMV2Wr761oQoBxwGGa6DR5o1DC9g==",
      "dependencies": {
        "@types/connect": "*",
        "@types/node": "*"
      }
    },
    "node_modules/@types/connect": {
      "version": "3.4.35",
      "resolved": "https://registry.npmjs.org/@types/connect/-/connect-3.4.35.tgz",
      "integrity": "sha512-cdeYyv4KWoEgpBISTxWvqYsVy444DOqehiF3fM3ne10AmJ62RSyNkUnxMJXHQWRQQX2eR94m5y1IZyDwBjV9FQ==",
      "dependencies": {
        "@types/node": "*"
      }
    },
    "node_modules/@types/express": {
      "version": "4.17.13",
      "resolved": "https://registry.npmjs.org/@types/express/-/express-4.17.13.tgz",
      "integrity": "sha512-6bSZTPaTIACxn48l50SR+axgrqm6qXFIxrdAKaG6PaJk3+zuUr35hBlgT7vOmJcum+OEaIBLtHV/qloEAFITeA==",
      "dependencies": {
        "@types/body-parser": "*",
        "@types/express-serve-static-core": "^4.17.18",
        "@types/qs": "*",
        "@types/serve-static": "*"
      }
    },
    "node_modules/@types/express-serve-static-core": {
      "version": "4.17.34",
      "resolved": "https://registry.npmjs.org/@types/express-serve-static-core/-/express-serve-static-core-4.17.34.tgz",
      "integrity": "sha512-fvr49XlCGoUj2Pp730AItckfjat4WNb0lb3kfrLWffd+RLeoGAMsq7UOy04PAPtoL01uKwcp6u8nhzpgpDYr3w==",
      "dependencies": {
        "@types/node": "*",
        "@types/qs": "*",
        "@types/range-parser": "*",
        "@types/send": "*"
      }
    },
    "node_modules/@types/mime": {
      "version": "1.3.2",
      "resolved": "https://registry.npmjs.org/@types/mime/-/mime-1.3.2.tgz",
      "integrity": "sha512-YATxVxgRqNH6nHEIsvg6k2Boc1JHI9ZbH5iWFFv/MTkchz3b1ieGDa5T0a9RznNdI0KhVbdbWSN+KWWrQZRxTw=="
    },
    "node_modules/@types/node": {
      "version": "18.16.3",
      "resolved": "https://registry.npmjs.org/@types/node/-/node-18.16.3.tgz",
      "integrity": "sha512-OPs5WnnT1xkCBiuQrZA4+YAV4HEJejmHneyraIaxsbev5yCEr6KMwINNFP9wQeFIw8FWcoTqF3vQsa5CDaI+8Q=="
    },
    "node_modules/@types/qs": {
      "version": "6.9.7",
      "resolved": "https://registry.npmjs.org/@types/qs/-/qs-6.9.7.tgz",
      "integrity": "sha512-FGa1F62FT09qcrueBA6qYTrJPVDzah9a+493+o2PCXsesWHIn27G98TsSMs3WPNbZIEj4+VJf6saSFpvD+3Zsw=="
    },
    "node_modules/@types/range-parser": {
      "version": "1.2.4",
      "resolved": "https://registry.npmjs.org/@types/range-parser/-/range-parser-1.2.4.tgz",
      "integrity": "sha512-EEhsLsD6UsDM1yFhAvy0Cjr6VwmpMWqFBCb9w07wVugF7w9nfajxLuVmngTIpgS6svCnm6Vaw+MZhoDCKnOfsw=="
    },
    "node_modules/@types/send": {
      "version": "0.17.1",
      "resolved": "https://registry.npmjs.org/@types/send/-/send-0.17.1.tgz",
      "integrity": "sha512-Cwo8LE/0rnvX7kIIa3QHCkcuF21c05Ayb0ZfxPiv0W8VRiZiNW/WuRupHKpqqGVGf7SUA44QSOUKaEd9lIrd/Q==",
      "dependencies": {
        "@types/mime": "^1",
        "@types/node": "*"
      }
    },
    "node_modules/@types/serve-static": {
      "version": "1.15.1",
      "resolved": "https://registry.npmjs.org/@types/serve-static/-/serve-static-1.15.1.tgz",
      "integrity": "sha512-NUo5XNiAdULrJENtJXZZ3fHtfMolzZwczzBbnAeBbqBwG+LaG6YaJtuwzwGSQZ2wsCrxjEhNNjAkKigy3n8teQ==",
      "dependencies": {
        "@types/mime": "*",
        "@types/node": "*"
      }
    },
    "node_modules/debug": {
      "version": "4.3.4",
      "resolved": "https://registry.npmjs.org/debug/-/debug-4.3.4.tgz",
      "integrity": "sha512-PRWFHuSU3eDtQJPvnNY7Jcket1j0t5OuOsFzPPzsekD52Zl8qUfFIPEiswXqIvHWGVHOgX+7G/vCNNhehwxfkQ==",
      "dependencies": {
        "ms": "2.1.2"
      },
      "engines": {
        "node": ">=6.0"
      },
      "peerDependenciesMeta": {
        "supports-color": {
          "optional": true
        }
      }
    },
    "node_modules/function-bind": {
      "version": "1.1.1",
      "resolved": "https://registry.npmjs.org/function-bind/-/function-bind-1.1.1.tgz",
      "integrity": "sha512-yIovAzMX49sF8Yl58fSCWJ5svSLuaibPxXQJFLmBObTuCr0Mf1KiPopGM9NiFjiYBCbfaa2Fh6breQ6ANVTI0A=="
    },
    "node_modules/has": {
      "version": "1.0.3",
      "resolved": "https://registry.npmjs.org/has/-/has-1.0.3.tgz",
      "integrity": "sha512-f2dvO0VU6Oej7RkWJGrehjbzMAjFp5/VKPp5tTpWIV4JHHZK1/BxbFRtf/siA2SWTe09caDmVtYYzWEIbBS4zw==",
      "dependencies": {
        "function-bind": "^1.1.1"
      },
      "engines": {
        "node": ">= 0.4.0"
      }
    },
    "node_modules/is-core-module": {
      "version": "2.12.0",
      "resolved": "https://registry.npmjs.org/is-core-module/-/is-core-module-2.12.0.tgz",
      "integrity": "sha512-RECHCBCd/viahWmwj6enj19sKbHfJrddi/6cBDsNTKbNq0f7VeaUkBo60BqzvPqo/W54ChS62Z5qyun7cfOMqQ==",
      "dependencies": {
        "has": "^1.0.3"
      },
      "funding": {
        "url": "https://github.com/sponsors/ljharb"
      }
    },
    "node_modules/lodash.merge": {
      "version": "4.6.2",
      "resolved": "https://registry.npmjs.org/lodash.merge/-/lodash.merge-4.6.2.tgz",
      "integrity": "sha512-0KpjqXRVvrYyCsX1swR/XTK0va6VQkQM6MNo7PqW77ByjAhoARA8EfrP1N4+KlKj8YS0ZUCtRT/YUuhyYDujIQ=="
    },
    "node_modules/lru-cache": {
      "version": "6.0.0",
      "resolved": "https://registry.npmjs.org/lru-cache/-/lru-cache-6.0.0.tgz",
      "integrity": "sha512-Jo6dJ04CmSjuznwJSS3pUeWmd/H0ffTlkXXgwZi+eq1UCmqQwCh+eLsYOYCwY991i2Fah4h1BEMCx4qThGbsiA==",
      "dependencies": {
        "yallist": "^4.0.0"
      },
      "engines": {
        "node": ">=10"
      }
    },
    "node_modules/module-details-from-path": {
      "version": "1.0.3",
      "resolved": "https://registry.npmjs.org/module-details-from-path/-/module-details-from-path-1.0.3.tgz",
      "integrity": "sha512-ySViT69/76t8VhE1xXHK6Ch4NcDd26gx0MzKXLO+F7NOtnqH68d9zF94nT8ZWSxXh8ELOERsnJO/sWt1xZYw5A=="
    },
    "node_modules/ms": {
      "version": "2.1.2",
      "resolved": "https://registry.npmjs.org/ms/-/ms-2.1.2.tgz",
      "integrity": "sha512-sGkPx+VjMtmA6MX27oA4FBFELFCZZ4S4XqeGOXCv68tT+jb3vk/RyaKWP0PTKyWtmLSM0b+adUTEvbs1PEaH2w=="
    },
    "node_modules/opentelemetry-instrumentation-express": {
      "version": "0.35.0",
      "resolved": "https://registry.npmjs.org/opentelemetry-instrumentation-express/-/opentelemetry-instrumentation-express-0.35.0.tgz",
      "integrity": "sha512-k/SApZZsnHriHXTIh6vG5gcrZ8arm3WCoCefgxgYsz/DLaa40k2/PjLKsFGoKTx+A2rR2v73d9634nC1MJsZfA==",
      "dependencies": {
        "@opentelemetry/core": "^1.8.0",
        "@opentelemetry/instrumentation": "^0.35.1",
        "@opentelemetry/semantic-conventions": "^1.8.0",
        "parseurl": "~1.3.3",
        "path-to-regexp": "0.1.7"
      },
      "peerDependencies": {
        "@opentelemetry/api": "^1.3.0"
      }
    },
    "node_modules/opentelemetry-instrumentation-express/node_modules/@opentelemetry/instrumentation": {
      "version": "0.35.1",
      "resolved": "https://registry.npmjs.org/@opentelemetry/instrumentation/-/instrumentation-0.35.1.tgz",
      "integrity": "sha512-EZsvXqxenbRTSNsft6LDcrT4pjAiyZOx3rkDNeqKpwZZe6GmZtsXaZZKuDkJtz9fTjOGjDHjZj9/h80Ya9iIJw==",
      "dependencies": {
        "require-in-the-middle": "^5.0.3",
        "semver": "^7.3.2",
        "shimmer": "^1.2.1"
      },
      "engines": {
        "node": ">=14"
      },
      "peerDependencies": {
        "@opentelemetry/api": "^1.3.0"
      }
    },
    "node_modules/opentelemetry-instrumentation-express/node_modules/require-in-the-middle": {
      "version": "5.2.0",
      "resolved": "https://registry.npmjs.org/require-in-the-middle/-/require-in-the-middle-5.2.0.tgz",
      "integrity": "sha512-efCx3b+0Z69/LGJmm9Yvi4cqEdxnoGnxYxGxBghkkTTFeXRtTCmmhO0AnAfHz59k957uTSuy8WaHqOs8wbYUWg==",
      "dependencies": {
        "debug": "^4.1.1",
        "module-details-from-path": "^1.0.3",
        "resolve": "^1.22.1"
      },
      "engines": {
        "node": ">=6"
      }
    },
    "node_modules/parseurl": {
      "version": "1.3.3",
      "resolved": "https://registry.npmjs.org/parseurl/-/parseurl-1.3.3.tgz",
      "integrity": "sha512-CiyeOxFT/JZyN5m0z9PfXw4SCBJ6Sygz1Dpl0wqjlhDEGGBP1GnsUVEL0p63hoG1fcj3fHynXi9NYO4nWOL+qQ==",
      "engines": {
        "node": ">= 0.8"
      }
    },
    "node_modules/path-parse": {
      "version": "1.0.7",
      "resolved": "https://registry.npmjs.org/path-parse/-/path-parse-1.0.7.tgz",
      "integrity": "sha512-LDJzPVEEEPR+y48z93A0Ed0yXb8pAByGWo/k5YYdYgpY2/2EsOsksJrq7lOHxryrVOn1ejG6oAp8ahvOIQD8sw=="
    },
    "node_modules/path-to-regexp": {
      "version": "0.1.7",
      "resolved": "https://registry.npmjs.org/path-to-regexp/-/path-to-regexp-0.1.7.tgz",
      "integrity": "sha512-5DFkuoqlv1uYQKxy8omFBeJPQcdoE07Kv2sferDCrAq1ohOU+MSDswDIbnx3YAM60qIOnYa53wBhXW0EbMonrQ=="
    },
    "node_modules/require-in-the-middle": {
      "version": "6.0.0",
      "resolved": "https://registry.npmjs.org/require-in-the-middle/-/require-in-the-middle-6.0.0.tgz",
      "integrity": "sha512-+dtWQ7l2lqQDxheaG3jjyN1QI37gEwvzACSgjYi4/C2y+ZTUMeRW8BIOm+9NBKvwaMBUSZfPXVOt1skB0vBkRw==",
      "dependencies": {
        "debug": "^4.1.1",
        "module-details-from-path": "^1.0.3",
        "resolve": "^1.22.1"
      },
      "engines": {
        "node": ">=8.6.0"
      }
    },
    "node_modules/resolve": {
      "version": "1.22.2",
      "resolved": "https://registry.npmjs.org/resolve/-/resolve-1.22.2.tgz",
      "integrity": "sha512-Sb+mjNHOULsBv818T40qSPeRiuWLyaGMa5ewydRLFimneixmVy2zdivRl+AF6jaYPC8ERxGDmFSiqui6SfPd+g==",
      "dependencies": {
        "is-core-module": "^2.11.0",
        "path-parse": "^1.0.7",
        "supports-preserve-symlinks-flag": "^1.0.0"
      },
      "bin": {
        "resolve": "bin/resolve"
      },
      "funding": {
        "url": "https://github.com/sponsors/ljharb"
      }
    },
    "node_modules/semver": {
      "version": "7.5.0",
      "resolved": "https://registry.npmjs.org/semver/-/semver-7.5.0.tgz",
      "integrity": "sha512-+XC0AD/R7Q2mPSRuy2Id0+CGTZ98+8f+KvwirxOKIEyid+XSx6HbC63p+O4IndTHuX5Z+JxQ0TghCkO5Cg/2HA==",
      "dependencies": {
        "lru-cache": "^6.0.0"
      },
      "bin": {
        "semver": "bin/semver.js"
      },
      "engines": {
        "node": ">=10"
      }
    },
    "node_modules/shimmer": {
      "version": "1.2.1",
      "resolved": "https://registry.npmjs.org/shimmer/-/shimmer-1.2.1.tgz",
      "integrity": "sha512-sQTKC1Re/rM6XyFM6fIAGHRPVGvyXfgzIDvzoq608vM+jeyVD0Tu1E6Np0Kc2zAIFWIj963V2800iF/9LPieQw=="
    },
    "node_modules/supports-preserve-symlinks-flag": {
      "version": "1.0.0",
      "resolved": "https://registry.npmjs.org/supports-preserve-symlinks-flag/-/supports-preserve-symlinks-flag-1.0.0.tgz",
      "integrity": "sha512-ot0WnXS9fgdkgIcePe6RHNk1WA8+muPa6cSjeR3V8K27q9BB1rTE3R1p7Hv0z1ZyAc8s6Vvv8DIyWf681MAt0w==",
      "engines": {
        "node": ">= 0.4"
      },
      "funding": {
        "url": "https://github.com/sponsors/ljharb"
      }
    },
    "node_modules/utf8": {
      "version": "3.0.0",
      "resolved": "https://registry.npmjs.org/utf8/-/utf8-3.0.0.tgz",
      "integrity": "sha512-E8VjFIQ/TyQgp+TZfS6l8yp/xWppSAHzidGiRrqe4bK4XP9pTRyKFgGJpO3SN7zdX4DeomTrwaseCHovfpFcqQ=="
    },
    "node_modules/wait-for-expect": {
      "version": "3.0.2",
      "resolved": "https://registry.npmjs.org/wait-for-expect/-/wait-for-expect-3.0.2.tgz",
      "integrity": "sha512-cfS1+DZxuav1aBYbaO/kE06EOS8yRw7qOFoD3XtjTkYvCvh3zUvNST8DXK/nPaeqIzIv3P3kL3lRJn8iwOiSag=="
    },
    "node_modules/yallist": {
      "version": "4.0.0",
      "resolved": "https://registry.npmjs.org/yallist/-/yallist-4.0.0.tgz",
      "integrity": "sha512-3wdGidZyq5PB084XLES5TpOSRA3wjXAlIWMhum2kRcv/41Sn2emQ0dycQW4uZXLejwKvg6EsvbdlVL+FYEct7A=="
    }
  }
}
